github.com/bojanz/currency v1.2.3 h1:t2c380KCJx+fiLqIB+qiwUpYrKbV9Fidj0MylzjgbmE=
github.com/bojanz/currency v1.2.3/go.mod h1:jNoZiJyRTqoU5DFoa+n+9lputxPUDa8Fz8BdDrW06Go=
github.com/cockroachdb/apd/v3 v3.2.1 h1:U+8j7t0axsIgvQUqthuNm82HIrYXodOV2iWLWtEaIwg=
github.com/cockroachdb/apd/v3 v3.2.1/go.mod h1:klXJcjp+FffLTHlhIG69tezTDvdP065naDsHzKhYSqc=
github.com/lib/pq v1.10.7 h1:p7ZhMD+KsSRozJr34udlUrhboJwWAgCg34+/ZZNvZZw=
github.com/lib/pq v1.10.7/go.mod h1:AlVN5x4E4T544tWzH6hKfbfQvm3HdbOxrmggDNAPY9o=
github.com/monstrum/stick v1.1.0 h1:S8n0zKsauK53DCHBMpjiMBqnEaD3BVksZrFXKM4toZ0=
github.com/monstrum/stick v1.1.0/go.mod h1:AglG0ZQ+q+2uA8/Pw04TV9KgW7+icnCxnC579K6z1XM=
github.com/monstrum/stick v1.1.1-0.20240602095939-82ec53322714 h1:BnrHH9KM9YA3TH4NyZMf7meN1tukKmfZplQ5iOvleKM=
github.com/monstrum/stick v1.1.1-0.20240602095939-82ec53322714/go.mod h1:AglG0ZQ+q+2uA8/Pw04TV9KgW7+icnCxnC579K6z1XM=
github.com/shopspring/decimal v1.4.0 h1:bxl37RwXBklmTi0C79JfXCEBD1cqqHt0bbgBAGFp81k=
github.com/shopspring/decimal v1.4.0/go.mod h1:gawqmDU56v4yIKSwfBSFip1HdCCXN8/+DMd9qYNcwME=
